{
  "name": "decent-auth",
  "version": "0.3.0",
  "lockfileVersion": 3,
  "requires": true,
  "packages": {
    "": {
      "name": "decent-auth",
      "version": "0.3.0",
      "license": "MIT",
      "dependencies": {
        "@extism/extism": "^2.0.0-rc10",
        "libsql": "^0.5.0-pre.5"
      }
    },
    "node_modules/@extism/extism": {
      "version": "2.0.0-rc10",
      "resolved": "https://registry.npmjs.org/@extism/extism/-/extism-2.0.0-rc10.tgz",
      "integrity": "sha512-bEbx31YNzIJq1/VPb5tk2YpIhhYr091YNl4I88zPJnw86Ko+I1MqEX+dyDcJRpxkYZyCycFnwiqFgXsd3mOJLg==",
      "license": "BSD-3-Clause"
    },
    "node_modules/@libsql/darwin-arm64": {
      "version": "0.5.0-pre.5",
      "resolved": "https://registry.npmjs.org/@libsql/darwin-arm64/-/darwin-arm64-0.5.0-pre.5.tgz",
      "integrity": "sha512-kO4fiqQ4MPy/XNQNmS/snB2ja/Gh1RyUCJpNeGTw++9uGKRvz98T/s09yW4RlHX2CsCzku2lzzWQXSLDdD1D1g==",
      "cpu": [
        "arm64"
      ],
      "license": "MIT",
      "optional": true,
      "os": [
        "darwin"
      ]
    },
    "node_modules/@libsql/darwin-x64": {
      "version": "0.5.0-pre.5",
      "resolved": "https://registry.npmjs.org/@libsql/darwin-x64/-/darwin-x64-0.5.0-pre.5.tgz",
      "integrity": "sha512-HlvSqJHlB2ZWiq+RzdKJaz37ZWjkBZsScYe3TKgPuF1orNCrj42ACYrUfaPs5zOUk42wr1/cH8yG/RWJiOJgGQ==",
      "cpu": [
        "x64"
      ],
      "license": "MIT",
      "optional": true,
      "os": [
        "darwin"
      ]
    },
    "node_modules/@libsql/linux-arm64-gnu": {
      "version": "0.5.0-pre.5",
      "resolved": "https://registry.npmjs.org/@libsql/linux-arm64-gnu/-/linux-arm64-gnu-0.5.0-pre.5.tgz",
      "integrity": "sha512-KR8I9U+q2Rs+j54idOBW+znvVbEorXyy9Bl+Ko5lW2jS4gePCjLeFMkZkFtdg8oqAkWadg3e0li5vQflCi1stg==",
      "cpu": [
        "arm64"
      ],
      "license": "MIT",
      "optional": true,
      "os": [
        "linux"
      ]
    },
    "node_modules/@libsql/linux-arm64-musl": {
      "version": "0.5.0-pre.5",
      "resolved": "https://registry.npmjs.org/@libsql/linux-arm64-musl/-/linux-arm64-musl-0.5.0-pre.5.tgz",
      "integrity": "sha512-ImDbPdx14BeBuPQmR5/5MDQ2FFLHSZDvhFLH2x/mVW5H2AmnmfbLg4wtnoLxk2ffKs89iqIHof8jUrF4qHq7/g==",
      "cpu": [
        "arm64"
      ],
      "license": "MIT",
      "optional": true,
      "os": [
        "linux"
      ]
    },
    "node_modules/@libsql/linux-x64-gnu": {
      "version": "0.5.0-pre.5",
      "resolved": "https://registry.npmjs.org/@libsql/linux-x64-gnu/-/linux-x64-gnu-0.5.0-pre.5.tgz",
      "integrity": "sha512-RHaxQB4+wttd3H8GXofoaFalzIpuicr8DlD7yuVN3rAy5OsOP6ny+Tu12Iz/IQrgA4vvKAFxJt3AJxqhs8Ltcg==",
      "cpu": [
        "x64"
      ],
      "license": "MIT",
      "optional": true,
      "os": [
        "linux"
      ]
    },
    "node_modules/@libsql/linux-x64-musl": {
      "version": "0.5.0-pre.5",
      "resolved": "https://registry.npmjs.org/@libsql/linux-x64-musl/-/linux-x64-musl-0.5.0-pre.5.tgz",
      "integrity": "sha512-Jd0EmYCHnCLv9TETfuelO/ANoAE1xzkMr5xZ1XaWOpdUvFYfN8qXLrvfyOQP4Uu5oFgd3qp+q5GXQw7wc1574g==",
      "cpu": [
        "x64"
      ],
      "license": "MIT",
      "optional": true,
      "os": [
        "linux"
      ]
    },
    "node_modules/@libsql/win32-x64-msvc": {
      "version": "0.5.0-pre.5",
      "resolved": "https://registry.npmjs.org/@libsql/win32-x64-msvc/-/win32-x64-msvc-0.5.0-pre.5.tgz",
      "integrity": "sha512-07ulyytaPMjrqqpBP/bEXJ5LdhH/3tc1l2WAecqpWc4aVwTiJtJBYzUsan/2ayJTrUZv1Fvnybty25nsnImmpg==",
      "cpu": [
        "x64"
      ],
      "license": "MIT",
      "optional": true,
      "os": [
        "win32"
      ]
    },
    "node_modules/@neon-rs/load": {
      "version": "0.0.4",
      "resolved": "https://registry.npmjs.org/@neon-rs/load/-/load-0.0.4.tgz",
      "integrity": "sha512-kTPhdZyTQxB+2wpiRcFWrDcejc4JI6tkPuS7UZCG4l6Zvc5kU/gGQ/ozvHTh1XR5tS+UlfAfGuPajjzQjCiHCw==",
      "license": "MIT"
    },
    "node_modules/detect-libc": {
      "version": "2.0.2",
      "resolved": "https://registry.npmjs.org/detect-libc/-/detect-libc-2.0.2.tgz",
      "integrity": "sha512-UX6sGumvvqSaXgdKGUsgZWqcUyIXZ/vZTrlRT/iobiKhGL0zL4d3osHj3uqllWJK+i+sixDS/3COVEOFbupFyw==",
      "license": "Apache-2.0",
      "engines": {
        "node": ">=8"
      }
    },
    "node_modules/libsql": {
      "version": "0.5.0-pre.5",
      "resolved": "https://registry.npmjs.org/libsql/-/libsql-0.5.0-pre.5.tgz",
      "integrity": "sha512-u6EGdSGnW1Bhz9wM4oxZsUMved5c0IozUZXeIt7HP1vCpN8EjDB6BQ5WcBRYL/64fCWrJNYQqhpibKeXbum1dg==",
      "cpu": [
        "x64",
        "arm64",
        "wasm32"
      ],
      "license": "MIT",
      "os": [
        "darwin",
        "linux",
        "win32"
      ],
      "dependencies": {
        "@neon-rs/load": "^0.0.4",
        "detect-libc": "2.0.2"
      },
      "optionalDependencies": {
        "@libsql/darwin-arm64": "0.5.0-pre.5",
        "@libsql/darwin-x64": "0.5.0-pre.5",
        "@libsql/linux-arm64-gnu": "0.5.0-pre.5",
        "@libsql/linux-arm64-musl": "0.5.0-pre.5",
        "@libsql/linux-x64-gnu": "0.5.0-pre.5",
        "@libsql/linux-x64-musl": "0.5.0-pre.5",
        "@libsql/win32-x64-msvc": "0.5.0-pre.5"
      }
    }
  }
}
