{
  "name": "decent-auth-js",
  "lockfileVersion": 3,
  "requires": true,
  "packages": {
    "": {
      "dependencies": {
        "@extism/extism": "^2.0.0-rc10",
        "oauth4webapi": "^2"
      }
    },
    "node_modules/@extism/extism": {
      "version": "2.0.0-rc10",
      "resolved": "https://registry.npmjs.org/@extism/extism/-/extism-2.0.0-rc10.tgz",
      "integrity": "sha512-bEbx31YNzIJq1/VPb5tk2YpIhhYr091YNl4I88zPJnw86Ko+I1MqEX+dyDcJRpxkYZyCycFnwiqFgXsd3mOJLg==",
      "license": "BSD-3-Clause"
    },
    "node_modules/oauth4webapi": {
      "version": "2.17.0",
      "resolved": "https://registry.npmjs.org/oauth4webapi/-/oauth4webapi-2.17.0.tgz",
      "integrity": "sha512-lbC0Z7uzAFNFyzEYRIC+pkSVvDHJTbEW+dYlSBAlCYDe6RxUkJ26bClhk8ocBZip1wfI9uKTe0fm4Ib4RHn6uQ==",
      "license": "MIT",
      "funding": {
        "url": "https://github.com/sponsors/panva"
      }
    }
  }
}
