{
  "name": "decent-auth",
  "version": "0.3.0",
  "lockfileVersion": 3,
  "requires": true,
  "packages": {
    "": {
      "name": "decent-auth",
      "version": "0.3.0",
      "license": "MIT",
      "dependencies": {
        "@extism/extism": "^2.0.0-rc10"
      }
    },
    "node_modules/@extism/extism": {
      "version": "2.0.0-rc10",
      "resolved": "https://registry.npmjs.org/@extism/extism/-/extism-2.0.0-rc10.tgz",
      "integrity": "sha512-bEbx31YNzIJq1/VPb5tk2YpIhhYr091YNl4I88zPJnw86Ko+I1MqEX+dyDcJRpxkYZyCycFnwiqFgXsd3mOJLg==",
      "license": "BSD-3-Clause"
    }
  }
}
